PODS:
  - Alamofire (4.8.2)
  - Charts (3.6.0):
    - Charts/Core (= 3.6.0)
  - Charts/Core (3.6.0)
  - MaterialComponents/ActivityIndicator (124.0.1):
    - MaterialComponents/Palettes
    - MaterialComponents/private/Application
    - MDFInternationalization
    - MotionAnimator (~> 4.0)
  - MaterialComponents/PageControl (124.0.1):
    - MDFInternationalization
  - MaterialComponents/Palettes (124.0.1)
  - MaterialComponents/private/Application (124.0.1)
  - MDFInternationalization (2.0.0)
  - MotionAnimator (4.0.1):
    - MotionInterchange (~> 3.0)
  - MotionInterchange (3.0.0)

DEPENDENCIES:
  - Alamofire (~> 4.8.2)
  - Charts
  - MaterialComponents/ActivityIndicator
  - MaterialComponents/PageControl

SPEC REPOS:
  trunk:
    - Alamofire
    - Charts
    - MaterialComponents
    - MDFInternationalization
    - MotionAnimator
    - MotionInterchange

SPEC CHECKSUMS:
  Alamofire: ae5c501addb7afdbb13687d7f2f722c78734c2d3
  Charts: b1e3a1f5a1c9ba5394438ca3b91bd8c9076310af
  MaterialComponents: c3f4e9d8e9cf9f02ab94a8b4823539fd9c7bf505
  MDFInternationalization: 010097556d6b09d2c4ea38e0820ea6d37be6a314
  MotionAnimator: 5f99d7c9592928c0f28a66283eda9c3b657dc480
  MotionInterchange: 13adae439b377e31d1674cc165539d50e1d1566a

PODFILE CHECKSUM: 2de2ea880ba8c2d89d4a81f184f265dfd4779818

COCOAPODS: 1.10.1
